PODS:
  - BGTasks (1.0.6):
    - BGTasks/Core (= 1.0.6)
  - BGTasks/Core (1.0.6)
  - Nimble (9.2.0)
  - Quick (4.0.0)

DEPENDENCIES:
  - BGTasks (from `../BGTasks.podspec`)
  - Nimble (= 9.2.0)
  - Quick (= 4.0.0)

SPEC REPOS:
  trunk:
    - Nimble
    - Quick

EXTERNAL SOURCES:
  BGTasks:
    :path: "../BGTasks.podspec"

SPEC CHECKSUMS:
  BGTasks: cae8d03edbde4a30d1792f866eb26915e397cd12
  Nimble: 4f4a345c80b503b3ea13606a4f98405974ee4d0b
  Quick: 6473349e43b9271a8d43839d9ba1c442ed1b7ac4

PODFILE CHECKSUM: 60363b3b8817d7ccdbfffea825ed74c4085074da

COCOAPODS: 1.11.2
