PODS:
  - BGTasks (1.0.5):
    - BGTasks/Core (= 1.0.5)
  - BGTasks/Core (1.0.5)
  - Nimble (9.2.0)
  - Quick (4.0.0)

DEPENDENCIES:
  - BGTasks (from `../BGTasks.podspec`)
  - Nimble (= 9.2.0)
  - Quick (= 4.0.0)

SPEC REPOS:
  trunk:
    - Nimble
    - Quick

EXTERNAL SOURCES:
  BGTasks:
    :path: "../BGTasks.podspec"

SPEC CHECKSUMS:
  BGTasks: d9ebe0fc46f75bfbbb0078dfed8b165d0ae97a2f
  Nimble: 4f4a345c80b503b3ea13606a4f98405974ee4d0b
  Quick: 6473349e43b9271a8d43839d9ba1c442ed1b7ac4

PODFILE CHECKSUM: 60cb3bf9b2a7c688296c33e61b22d200ed59b9ce

COCOAPODS: 1.11.2
